
Microsoft Visual Studio Solution File, Format Version 12.00
# Visual Studio Version 16
VisualStudioVersion = 16.0.29025.244
MinimumVisualStudioVersion = 10.0.40219.1
Project("{FAE04EC0-301F-11D3-BF4B-00C04F79EFBC}") = "webgitttt", "webgitttt\webgitttt.csproj", "{C67AC0AD-F6C8-45BE-A2EA-6CB3A8A63FC7}"
EndProject
Global
	GlobalSection(SolutionConfigurationPlatforms) = preSolution
		Debug|Any CPU = Debug|Any CPU
		Release|Any CPU = Release|Any CPU
	EndGlobalSection
	GlobalSection(ProjectConfigurationPlatforms) = postSolution
		{C67AC0AD-F6C8-45BE-A2EA-6CB3A8A63FC7}.Debug|Any CPU.ActiveCfg = Debug|Any CPU
		{C67AC0AD-F6C8-45BE-A2EA-6CB3A8A63FC7}.Debug|Any CPU.Build.0 = Debug|Any CPU
		{C67AC0AD-F6C8-45BE-A2EA-6CB3A8A63FC7}.Release|Any CPU.ActiveCfg = Release|Any CPU
		{C67AC0AD-F6C8-45BE-A2EA-6CB3A8A63FC7}.Release|Any CPU.Build.0 = Release|Any CPU
	EndGlobalSection
	GlobalSection(SolutionProperties) = preSolution
		HideSolutionNode = FALSE
	EndGlobalSection
	GlobalSection(ExtensibilityGlobals) = postSolution
		SolutionGuid = {CD58E0CF-E871-4339-B343-BF427BAAAEC4}
	EndGlobalSection
EndGlobal
